
Microsoft Visual Studio Solution File, Format Version 12.00
# Visual Studio Version 16
VisualStudioVersion = 16.0.29409.12
MinimumVisualStudioVersion = 10.0.40219.1
Project("{9A19103F-16F7-4668-BE54-9A1E7A4F7556}") = "UserService", "UserService\UserService.csproj", "{CA27A754-86D9-4AC2-9D45-E4F0475BDD49}"
EndProject
Project("{9A19103F-16F7-4668-BE54-9A1E7A4F7556}") = "APIGateway", "APIGateway\APIGateway.csproj", "{786B26FB-1F34-4BBB-9853-85166ADB1E92}"
EndProject
Project("{FAE04EC0-301F-11D3-BF4B-00C04F79EFBC}") = "CommonPackage", "CommonPackage\CommonPackage.csproj", "{BB7468FE-98AE-4499-9187-C61B26789796}"
EndProject
Global
	GlobalSection(SolutionConfigurationPlatforms) = preSolution
		Debug|Any CPU = Debug|Any CPU
		Release|Any CPU = Release|Any CPU
	EndGlobalSection
	GlobalSection(ProjectConfigurationPlatforms) = postSolution
		{CA27A754-86D9-4AC2-9D45-E4F0475BDD49}.Debug|Any CPU.ActiveCfg = Debug|Any CPU
		{CA27A754-86D9-4AC2-9D45-E4F0475BDD49}.Debug|Any CPU.Build.0 = Debug|Any CPU
		{CA27A754-86D9-4AC2-9D45-E4F0475BDD49}.Release|Any CPU.ActiveCfg = Release|Any CPU
		{CA27A754-86D9-4AC2-9D45-E4F0475BDD49}.Release|Any CPU.Build.0 = Release|Any CPU
		{786B26FB-1F34-4BBB-9853-85166ADB1E92}.Debug|Any CPU.ActiveCfg = Debug|Any CPU
		{786B26FB-1F34-4BBB-9853-85166ADB1E92}.Debug|Any CPU.Build.0 = Debug|Any CPU
		{786B26FB-1F34-4BBB-9853-85166ADB1E92}.Release|Any CPU.ActiveCfg = Release|Any CPU
		{786B26FB-1F34-4BBB-9853-85166ADB1E92}.Release|Any CPU.Build.0 = Release|Any CPU
		{BB7468FE-98AE-4499-9187-C61B26789796}.Debug|Any CPU.ActiveCfg = Debug|Any CPU
		{BB7468FE-98AE-4499-9187-C61B26789796}.Debug|Any CPU.Build.0 = Debug|Any CPU
		{BB7468FE-98AE-4499-9187-C61B26789796}.Release|Any CPU.ActiveCfg = Release|Any CPU
		{BB7468FE-98AE-4499-9187-C61B26789796}.Release|Any CPU.Build.0 = Release|Any CPU
	EndGlobalSection
	GlobalSection(SolutionProperties) = preSolution
		HideSolutionNode = FALSE
	EndGlobalSection
	GlobalSection(ExtensibilityGlobals) = postSolution
		SolutionGuid = {AECD642C-4281-4C90-9FF7-81BA8087D3C0}
	EndGlobalSection
EndGlobal
